
Microsoft Visual Studio Solution File, Format Version 12.00
# Visual Studio Version 17
VisualStudioVersion = 17.2.32630.192
MinimumVisualStudioVersion = 10.0.40219.1
Project("{FAE04EC0-301F-11D3-BF4B-00C04F79EFBC}") = "MethodProject", "MethodProject\MethodProject.csproj", "{3148E500-DE7D-4F3D-B9AA-89FA42E93A07}"
EndProject
Global
	GlobalSection(SolutionConfigurationPlatforms) = preSolution
		Debug|Any CPU = Debug|Any CPU
		Release|Any CPU = Release|Any CPU
	EndGlobalSection
	GlobalSection(ProjectConfigurationPlatforms) = postSolution
		{3148E500-DE7D-4F3D-B9AA-89FA42E93A07}.Debug|Any CPU.ActiveCfg = Debug|Any CPU
		{3148E500-DE7D-4F3D-B9AA-89FA42E93A07}.Debug|Any CPU.Build.0 = Debug|Any CPU
		{3148E500-DE7D-4F3D-B9AA-89FA42E93A07}.Release|Any CPU.ActiveCfg = Release|Any CPU
		{3148E500-DE7D-4F3D-B9AA-89FA42E93A07}.Release|Any CPU.Build.0 = Release|Any CPU
	EndGlobalSection
	GlobalSection(SolutionProperties) = preSolution
		HideSolutionNode = FALSE
	EndGlobalSection
	GlobalSection(ExtensibilityGlobals) = postSolution
		SolutionGuid = {31627505-4971-4D76-9D58-4AE0D4B38B7D}
	EndGlobalSection
EndGlobal
